
Microsoft Visual Studio Solution File, Format Version 12.00
# Visual Studio Version 17
VisualStudioVersion = 17.11.35327.3
MinimumVisualStudioVersion = 10.0.40219.1
Project("{E24C65DC-7377-472B-9ABA-BC803B73C61A}") = "hastane otomasyonu", ".", "{8F4D7B2F-15AC-428E-885E-34276D54EBC7}"
	ProjectSection(WebsiteProperties) = preProject
		TargetFrameworkMoniker = ".NETFramework,Version%3Dv4.8"
		Debug.AspNetCompiler.VirtualPath = "/localhost_51979"
		Debug.AspNetCompiler.PhysicalPath = "..\..\..\Desktop\hastane otomasyonu\"
		Debug.AspNetCompiler.TargetPath = "PrecompiledWeb\localhost_51979\"
		Debug.AspNetCompiler.Updateable = "true"
		Debug.AspNetCompiler.ForceOverwrite = "true"
		Debug.AspNetCompiler.FixedNames = "false"
		Debug.AspNetCompiler.Debug = "True"
		Release.AspNetCompiler.VirtualPath = "/localhost_51979"
		Release.AspNetCompiler.PhysicalPath = "..\..\..\Desktop\hastane otomasyonu\"
		Release.AspNetCompiler.TargetPath = "PrecompiledWeb\localhost_51979\"
		Release.AspNetCompiler.Updateable = "true"
		Release.AspNetCompiler.ForceOverwrite = "true"
		Release.AspNetCompiler.FixedNames = "false"
		Release.AspNetCompiler.Debug = "False"
		VWDPort = "51979"
	EndProjectSection
EndProject
Global
	GlobalSection(SolutionConfigurationPlatforms) = preSolution
		Debug|Any CPU = Debug|Any CPU
	EndGlobalSection
	GlobalSection(ProjectConfigurationPlatforms) = postSolution
		{8F4D7B2F-15AC-428E-885E-34276D54EBC7}.Debug|Any CPU.ActiveCfg = Debug|Any CPU
		{8F4D7B2F-15AC-428E-885E-34276D54EBC7}.Debug|Any CPU.Build.0 = Debug|Any CPU
	EndGlobalSection
	GlobalSection(SolutionProperties) = preSolution
		HideSolutionNode = FALSE
	EndGlobalSection
	GlobalSection(ExtensibilityGlobals) = postSolution
		SolutionGuid = {05701F75-E215-4617-B715-771C6A0ABCDD}
	EndGlobalSection
EndGlobal
